PODS:
  - Alamofire (4.6.0)
  - AlamofireSwiftyJSON (1.0.1):
    - Alamofire (~> 4.0)
    - SwiftyJSON (~> 4.0)
  - SwiftyJSON (4.0.0)

DEPENDENCIES:
  - AlamofireSwiftyJSON

SPEC REPOS:
  https://github.com/cocoapods/specs.git:
    - Alamofire
    - AlamofireSwiftyJSON
    - SwiftyJSON

SPEC CHECKSUMS:
  Alamofire: f41a599bd63041760b26d393ec1069d9d7b917f4
  AlamofireSwiftyJSON: ad896b68b586aea5de8ddba641ad3b402b8d5511
  SwiftyJSON: 070dabdcb1beb81b247c65ffa3a79dbbfb3b48aa

PODFILE CHECKSUM: d2550b5190efde9fae2d563febc8e017544fc5e1

COCOAPODS: 1.5.2
